
Microsoft Visual Studio Solution File, Format Version 12.00
# Visual Studio Version 16
VisualStudioVersion = 16.0.31729.503
MinimumVisualStudioVersion = 10.0.40219.1
Project("{FAE04EC0-301F-11D3-BF4B-00C04F79EFBC}") = "MoodAnalyzerProblem", "MoodAnalyzerProblem.csproj", "{5A21108A-54FA-4425-A6D7-8B97571CB421}"
EndProject
Project("{FAE04EC0-301F-11D3-BF4B-00C04F79EFBC}") = "MoodAnalyzeTesting", "..\MoodAnalyzeTesting\MoodAnalyzeTesting.csproj", "{916A7214-86E9-447D-A888-726B0EB38499}"
EndProject
Global
	GlobalSection(SolutionConfigurationPlatforms) = preSolution
		Debug|Any CPU = Debug|Any CPU
		Release|Any CPU = Release|Any CPU
	EndGlobalSection
	GlobalSection(ProjectConfigurationPlatforms) = postSolution
		{5A21108A-54FA-4425-A6D7-8B97571CB421}.Debug|Any CPU.ActiveCfg = Debug|Any CPU
		{5A21108A-54FA-4425-A6D7-8B97571CB421}.Debug|Any CPU.Build.0 = Debug|Any CPU
		{5A21108A-54FA-4425-A6D7-8B97571CB421}.Release|Any CPU.ActiveCfg = Release|Any CPU
		{5A21108A-54FA-4425-A6D7-8B97571CB421}.Release|Any CPU.Build.0 = Release|Any CPU
		{916A7214-86E9-447D-A888-726B0EB38499}.Debug|Any CPU.ActiveCfg = Debug|Any CPU
		{916A7214-86E9-447D-A888-726B0EB38499}.Debug|Any CPU.Build.0 = Debug|Any CPU
		{916A7214-86E9-447D-A888-726B0EB38499}.Release|Any CPU.ActiveCfg = Release|Any CPU
		{916A7214-86E9-447D-A888-726B0EB38499}.Release|Any CPU.Build.0 = Release|Any CPU
	EndGlobalSection
	GlobalSection(SolutionProperties) = preSolution
		HideSolutionNode = FALSE
	EndGlobalSection
	GlobalSection(ExtensibilityGlobals) = postSolution
		SolutionGuid = {6BCDFFA8-B82D-492D-BC2E-E42A8B047511}
	EndGlobalSection
EndGlobal
